{
	"name": "@lomray/microservices-integration-tests",
	"version": "1.0.0",
	"lockfileVersion": 2,
	"requires": true,
	"packages": {
		"": {
			"name": "@lomray/microservices-integration-tests",
			"version": "1.0.0",
			"license": "Apache-2.0",
			"dependencies": {
				"@lomray/microservices-client-api": "^2.15.1",
				"axios": "^1.4.0",
				"lodash": "^4.17.21"
			},
			"devDependencies": {
				"@types/lodash": "^4.14.194",
				"tsconfig-paths": "^4.2.0"
			}
		},
		"node_modules/@babel/runtime": {
			"version": "7.20.13",
			"resolved": "https://registry.npmjs.org/@babel/runtime/-/runtime-7.20.13.tgz",
			"integrity": "sha512-gt3PKXs0DBoL9xCvOIIZ2NEqAGZqHjAnmVbfQtB620V0uReIQutpel14KcneZuer7UioY8ALKZ7iocavvzTNFA==",
			"peer": true,
			"dependencies": {
				"regenerator-runtime": "^0.13.11"
			},
			"engines": {
				"node": ">=6.9.0"
			}
		},
		"node_modules/@lomray/client-helpers": {
			"version": "1.7.0",
			"resolved": "https://registry.npmjs.org/@lomray/client-helpers/-/client-helpers-1.7.0.tgz",
			"integrity": "sha512-FrpriWunNoMtdHgryxF04TBEKHjbClslcrSRNy9iHR5kI+hvwTiW/d+q9Z48iFh7pym5Vrsqvb9dMEKpRpcLFA==",
			"bundleDependencies": [
				"tslib"
			],
			"peer": true,
			"dependencies": {
				"tslib": "*"
			},
			"peerDependencies": {
				"lodash": "^4.17.21",
				"react": ">=16.8.0",
				"yup": ">=0.32.11"
			}
		},
		"node_modules/@lomray/event-manager": {
			"version": "1.2.1",
			"resolved": "https://registry.npmjs.org/@lomray/event-manager/-/event-manager-1.2.1.tgz",
			"integrity": "sha512-lLgaOAzZarrhqOF3MZjJ5fq0X68xWHhIzAiajqjG/LCgYvb4nooD4lnMhdkIu5cg6PhViWe1O6cK4YrnEmP/tg==",
			"peer": true
		},
		"node_modules/@lomray/microservices-client-api": {
			"version": "2.15.1",
			"resolved": "https://registry.npmjs.org/@lomray/microservices-client-api/-/microservices-client-api-2.15.1.tgz",
			"integrity": "sha512-iXcqZRKQAbF9OxXBNn3lk8NHgX81+ibxm8S9xMwDOtzc39Wxg2HLunpkOIQK+ulBrX8mPIcAyueSL+Xxh/M1CA==",
			"bundleDependencies": [
				"tslib"
			],
			"dependencies": {
				"jwt-decode": "^3.1.2",
				"tslib": "*"
			},
			"peerDependencies": {
				"@lomray/client-helpers": ">=1.1.2",
				"@lomray/microservices-types": ">=1.12.0",
				"@lomray/react-mobx-manager": "*",
				"axios": "^0.27.2 || ^1.4.0",
				"lodash": "^4.17.21"
			}
		},
		"node_modules/@lomray/microservices-types": {
			"version": "1.12.1",
			"resolved": "https://registry.npmjs.org/@lomray/microservices-types/-/microservices-types-1.12.1.tgz",
			"integrity": "sha512-Eu/oNuNHW3KoULCpVJheQmzT2oiOSdeRmCD2yfvtVaMI9zK9ggqkFCclJwjHwU9xJ1Uy28scxGs54S56q3tPlw==",
			"peer": true
		},
		"node_modules/@lomray/react-mobx-manager": {
			"version": "1.5.1",
			"resolved": "https://registry.npmjs.org/@lomray/react-mobx-manager/-/react-mobx-manager-1.5.1.tgz",
			"integrity": "sha512-et29+fBOdlNc6WGP8LX48Gciw9Kz443kP4kKeLyFz78T5genJXwswFtr3BkJTPhM+/IX64M3CPqG9rI9hf3neg==",
			"peer": true,
			"dependencies": {
				"@lomray/event-manager": "^1.2.1"
			},
			"peerDependencies": {
				"hoist-non-react-statics": "^3.3.2",
				"mobx": "^6.6.2",
				"mobx-react-lite": "^3.4.0",
				"react": "^18 || ^17"
			}
		},
		"node_modules/@types/lodash": {
			"version": "4.14.194",
			"resolved": "https://registry.npmjs.org/@types/lodash/-/lodash-4.14.194.tgz",
			"integrity": "sha512-r22s9tAS7imvBt2lyHC9B8AGwWnXaYb1tY09oyLkXDs4vArpYJzw09nj8MLx5VfciBPGIb+ZwG0ssYnEPJxn/g=="
		},
		"node_modules/asynckit": {
			"version": "0.4.0",
			"resolved": "https://registry.npmjs.org/asynckit/-/asynckit-0.4.0.tgz",
			"integrity": "sha512-Oei9OH4tRh0YqU3GxhX79dM/mwVgvbZJaSNaRk+bshkj0S5cfHcgYakreBjrHwatXKbz+IoIdYLxrKim2MjW0Q=="
		},
		"node_modules/axios": {
			"version": "1.4.0",
			"resolved": "https://registry.npmjs.org/axios/-/axios-1.4.0.tgz",
			"integrity": "sha512-S4XCWMEmzvo64T9GfvQDOXgYRDJ/wsSZc7Jvdgx5u1sd0JwsuPLqb3SYmusag+edF6ziyMensPVqLTSc1PiSEA==",
			"dependencies": {
				"follow-redirects": "^1.15.0",
				"form-data": "^4.0.0",
				"proxy-from-env": "^1.1.0"
			}
		},
		"node_modules/combined-stream": {
			"version": "1.0.8",
			"resolved": "https://registry.npmjs.org/combined-stream/-/combined-stream-1.0.8.tgz",
			"integrity": "sha512-FQN4MRfuJeHf7cBbBMJFXhKSDq+2kAArBlmRBvcvFE5BB1HZKXtSFASDhdlz9zOYwxh8lDdnvmMOe/+5cdoEdg==",
			"dependencies": {
				"delayed-stream": "~1.0.0"
			},
			"engines": {
				"node": ">= 0.8"
			}
		},
		"node_modules/delayed-stream": {
			"version": "1.0.0",
			"resolved": "https://registry.npmjs.org/delayed-stream/-/delayed-stream-1.0.0.tgz",
			"integrity": "sha1-3zrhmayt+31ECqrgsp4icrJOxhk=",
			"engines": {
				"node": ">=0.4.0"
			}
		},
		"node_modules/follow-redirects": {
			"version": "1.15.0",
			"resolved": "https://registry.npmjs.org/follow-redirects/-/follow-redirects-1.15.0.tgz",
			"integrity": "sha512-aExlJShTV4qOUOL7yF1U5tvLCB0xQuudbf6toyYA0E/acBNw71mvjFTnLaRp50aQaYocMR0a/RMMBIHeZnGyjQ==",
			"funding": [
				{
					"type": "individual",
					"url": "https://github.com/sponsors/RubenVerborgh"
				}
			],
			"engines": {
				"node": ">=4.0"
			},
			"peerDependenciesMeta": {
				"debug": {
					"optional": true
				}
			}
		},
		"node_modules/form-data": {
			"version": "4.0.0",
			"resolved": "https://registry.npmjs.org/form-data/-/form-data-4.0.0.tgz",
			"integrity": "sha512-ETEklSGi5t0QMZuiXoA/Q6vcnxcLQP5vdugSpuAyi6SVGi2clPPp+xgEhuMaHC+zGgn31Kd235W35f7Hykkaww==",
			"dependencies": {
				"asynckit": "^0.4.0",
				"combined-stream": "^1.0.8",
				"mime-types": "^2.1.12"
			},
			"engines": {
				"node": ">= 6"
			}
		},
		"node_modules/hoist-non-react-statics": {
			"version": "3.3.2",
			"resolved": "https://registry.npmjs.org/hoist-non-react-statics/-/hoist-non-react-statics-3.3.2.tgz",
			"integrity": "sha512-/gGivxi8JPKWNm/W0jSmzcMPpfpPLc3dY/6GxhX2hQ9iGj3aDfklV4ET7NjKpSinLpJ5vafa9iiGIEZg10SfBw==",
			"peer": true,
			"dependencies": {
				"react-is": "^16.7.0"
			}
		},
		"node_modules/js-tokens": {
			"version": "4.0.0",
			"resolved": "https://registry.npmjs.org/js-tokens/-/js-tokens-4.0.0.tgz",
			"integrity": "sha512-RdJUflcE3cUzKiMqQgsCu06FPu9UdIJO0beYbPhHN4k6apgJtifcoCtT9bcxOpYBtpD2kCM6Sbzg4CausW/PKQ==",
			"peer": true
		},
		"node_modules/json5": {
			"version": "2.2.3",
			"resolved": "https://registry.npmjs.org/json5/-/json5-2.2.3.tgz",
			"integrity": "sha512-XmOWe7eyHYH14cLdVPoyg+GOH3rYX++KpzrylJwSW98t3Nk+U8XOl8FWKOgwtzdb8lXGf6zYwDUzeHMWfxasyg==",
			"dev": true,
			"bin": {
				"json5": "lib/cli.js"
			},
			"engines": {
				"node": ">=6"
			}
		},
		"node_modules/jwt-decode": {
			"version": "3.1.2",
			"resolved": "https://registry.npmjs.org/jwt-decode/-/jwt-decode-3.1.2.tgz",
			"integrity": "sha512-UfpWE/VZn0iP50d8cz9NrZLM9lSWhcJ+0Gt/nm4by88UL+J1SiKN8/5dkjMmbEzwL2CAe+67GsegCbIKtbp75A=="
		},
		"node_modules/lodash": {
			"version": "4.17.21",
			"resolved": "https://registry.npmjs.org/lodash/-/lodash-4.17.21.tgz",
			"integrity": "sha512-v2kDEe57lecTulaDIuNTPy3Ry4gLGJ6Z1O3vE1krgXZNrsQ+LFTGHVxVjcXPs17LhbZVGedAJv8XZ1tvj5FvSg=="
		},
		"node_modules/lodash-es": {
			"version": "4.17.21",
			"resolved": "https://registry.npmjs.org/lodash-es/-/lodash-es-4.17.21.tgz",
			"integrity": "sha512-mKnC+QJ9pWVzv+C4/U3rRsHapFfHvQFoFB92e52xeyGMcX6/OlIl78je1u8vePzYZSkkogMPJ2yjxxsb89cxyw==",
			"peer": true
		},
		"node_modules/loose-envify": {
			"version": "1.4.0",
			"resolved": "https://registry.npmjs.org/loose-envify/-/loose-envify-1.4.0.tgz",
			"integrity": "sha512-lyuxPGr/Wfhrlem2CL/UcnUc1zcqKAImBDzukY7Y5F/yQiNdko6+fRLevlw1HgMySw7f611UIY408EtxRSoK3Q==",
			"peer": true,
			"dependencies": {
				"js-tokens": "^3.0.0 || ^4.0.0"
			},
			"bin": {
				"loose-envify": "cli.js"
			}
		},
		"node_modules/mime-db": {
			"version": "1.52.0",
			"resolved": "https://registry.npmjs.org/mime-db/-/mime-db-1.52.0.tgz",
			"integrity": "sha512-sPU4uV7dYlvtWJxwwxHD0PuihVNiE7TyAbQ5SWxDCB9mUYvOgroQOwYQQOKPJ8CIbE+1ETVlOoK1UC2nU3gYvg==",
			"engines": {
				"node": ">= 0.6"
			}
		},
		"node_modules/mime-types": {
			"version": "2.1.35",
			"resolved": "https://registry.npmjs.org/mime-types/-/mime-types-2.1.35.tgz",
			"integrity": "sha512-ZDY+bPm5zTTF+YpCrAU9nK0UgICYPT0QtT1NZWFv4s++TNkcgVaT0g6+4R2uI4MjQjzysHB1zxuWL50hzaeXiw==",
			"dependencies": {
				"mime-db": "1.52.0"
			},
			"engines": {
				"node": ">= 0.6"
			}
		},
		"node_modules/minimist": {
			"version": "1.2.7",
			"resolved": "https://registry.npmjs.org/minimist/-/minimist-1.2.7.tgz",
			"integrity": "sha512-bzfL1YUZsP41gmu/qjrEk0Q6i2ix/cVeAhbCbqH9u3zYutS1cLg00qhrD0M2MVdCcx4Sc0UpP2eBWo9rotpq6g==",
			"dev": true,
			"funding": {
				"url": "https://github.com/sponsors/ljharb"
			}
		},
		"node_modules/mobx": {
			"version": "6.7.0",
			"resolved": "https://registry.npmjs.org/mobx/-/mobx-6.7.0.tgz",
			"integrity": "sha512-1kBLBdSNG2bA522HQdbsTvwAwYf9hq9FWxmlhX7wTsJUAI54907J+ozfGW+LoYUo06vjit748g6QH1AAGLNebw==",
			"peer": true,
			"funding": {
				"type": "opencollective",
				"url": "https://opencollective.com/mobx"
			}
		},
		"node_modules/mobx-react-lite": {
			"version": "3.4.0",
			"resolved": "https://registry.npmjs.org/mobx-react-lite/-/mobx-react-lite-3.4.0.tgz",
			"integrity": "sha512-bRuZp3C0itgLKHu/VNxi66DN/XVkQG7xtoBVWxpvC5FhAqbOCP21+nPhULjnzEqd7xBMybp6KwytdUpZKEgpIQ==",
			"peer": true,
			"funding": {
				"type": "opencollective",
				"url": "https://opencollective.com/mobx"
			},
			"peerDependencies": {
				"mobx": "^6.1.0",
				"react": "^16.8.0 || ^17 || ^18"
			},
			"peerDependenciesMeta": {
				"react-dom": {
					"optional": true
				},
				"react-native": {
					"optional": true
				}
			}
		},
		"node_modules/nanoclone": {
			"version": "0.2.1",
			"resolved": "https://registry.npmjs.org/nanoclone/-/nanoclone-0.2.1.tgz",
			"integrity": "sha512-wynEP02LmIbLpcYw8uBKpcfF6dmg2vcpKqxeH5UcoKEYdExslsdUA4ugFauuaeYdTB76ez6gJW8XAZ6CgkXYxA==",
			"peer": true
		},
		"node_modules/property-expr": {
			"version": "2.0.5",
			"resolved": "https://registry.npmjs.org/property-expr/-/property-expr-2.0.5.tgz",
			"integrity": "sha512-IJUkICM5dP5znhCckHSv30Q4b5/JA5enCtkRHYaOVOAocnH/1BQEYTC5NMfT3AVl/iXKdr3aqQbQn9DxyWknwA==",
			"peer": true
		},
		"node_modules/proxy-from-env": {
			"version": "1.1.0",
			"resolved": "https://registry.npmjs.org/proxy-from-env/-/proxy-from-env-1.1.0.tgz",
			"integrity": "sha512-D+zkORCbA9f1tdWRK0RaCR3GPv50cMxcrz4X8k5LTSUD1Dkw47mKJEZQNunItRTkWwgtaUSo1RVFRIG9ZXiFYg=="
		},
		"node_modules/react": {
			"version": "18.2.0",
			"resolved": "https://registry.npmjs.org/react/-/react-18.2.0.tgz",
			"integrity": "sha512-/3IjMdb2L9QbBdWiW5e3P2/npwMBaU9mHCSCUzNln0ZCYbcfTsGbTJrU/kGemdH2IWmB2ioZ+zkxtmq6g09fGQ==",
			"peer": true,
			"dependencies": {
				"loose-envify": "^1.1.0"
			},
			"engines": {
				"node": ">=0.10.0"
			}
		},
		"node_modules/react-is": {
			"version": "16.13.1",
			"resolved": "https://registry.npmjs.org/react-is/-/react-is-16.13.1.tgz",
			"integrity": "sha512-24e6ynE2H+OKt4kqsOvNd8kBpV65zoxbA4BVsEOB3ARVWQki/DHzaUoC5KuON/BiccDaCCTZBuOcfZs70kR8bQ==",
			"peer": true
		},
		"node_modules/regenerator-runtime": {
			"version": "0.13.11",
			"resolved": "https://registry.npmjs.org/regenerator-runtime/-/regenerator-runtime-0.13.11.tgz",
			"integrity": "sha512-kY1AZVr2Ra+t+piVaJ4gxaFaReZVH40AKNo7UCX6W+dEwBo/2oZJzqfuN1qLq1oL45o56cPaTXELwrTh8Fpggg==",
			"peer": true
		},
		"node_modules/strip-bom": {
			"version": "3.0.0",
			"resolved": "https://registry.npmjs.org/strip-bom/-/strip-bom-3.0.0.tgz",
			"integrity": "sha512-vavAMRXOgBVNF6nyEEmL3DBK19iRpDcoIwW+swQ+CbGiu7lju6t+JklA1MHweoWtadgt4ISVUsXLyDq34ddcwA==",
			"dev": true,
			"engines": {
				"node": ">=4"
			}
		},
		"node_modules/toposort": {
			"version": "2.0.2",
			"resolved": "https://registry.npmjs.org/toposort/-/toposort-2.0.2.tgz",
			"integrity": "sha512-0a5EOkAUp8D4moMi2W8ZF8jcga7BgZd91O/yabJCFY8az+XSzeGyTKs0Aoo897iV1Nj6guFq8orWDS96z91oGg==",
			"peer": true
		},
		"node_modules/tsconfig-paths": {
			"version": "4.2.0",
			"resolved": "https://registry.npmjs.org/tsconfig-paths/-/tsconfig-paths-4.2.0.tgz",
			"integrity": "sha512-NoZ4roiN7LnbKn9QqE1amc9DJfzvZXxF4xDavcOWt1BPkdx+m+0gJuPM+S0vCe7zTJMYUP0R8pO2XMr+Y8oLIg==",
			"dev": true,
			"dependencies": {
				"json5": "^2.2.2",
				"minimist": "^1.2.6",
				"strip-bom": "^3.0.0"
			},
			"engines": {
				"node": ">=6"
			}
		},
		"node_modules/yup": {
			"version": "0.32.11",
			"resolved": "https://registry.npmjs.org/yup/-/yup-0.32.11.tgz",
			"integrity": "sha512-Z2Fe1bn+eLstG8DRR6FTavGD+MeAwyfmouhHsIUgaADz8jvFKbO/fXc2trJKZg+5EBjh4gGm3iU/t3onKlXHIg==",
			"peer": true,
			"dependencies": {
				"@babel/runtime": "^7.15.4",
				"@types/lodash": "^4.14.175",
				"lodash": "^4.17.21",
				"lodash-es": "^4.17.21",
				"nanoclone": "^0.2.1",
				"property-expr": "^2.0.4",
				"toposort": "^2.0.2"
			},
			"engines": {
				"node": ">=10"
			}
		}
	},
	"dependencies": {
		"@babel/runtime": {
			"version": "7.20.13",
			"resolved": "https://registry.npmjs.org/@babel/runtime/-/runtime-7.20.13.tgz",
			"integrity": "sha512-gt3PKXs0DBoL9xCvOIIZ2NEqAGZqHjAnmVbfQtB620V0uReIQutpel14KcneZuer7UioY8ALKZ7iocavvzTNFA==",
			"peer": true,
			"requires": {
				"regenerator-runtime": "^0.13.11"
			}
		},
		"@lomray/client-helpers": {
			"version": "1.7.0",
			"resolved": "https://registry.npmjs.org/@lomray/client-helpers/-/client-helpers-1.7.0.tgz",
			"integrity": "sha512-FrpriWunNoMtdHgryxF04TBEKHjbClslcrSRNy9iHR5kI+hvwTiW/d+q9Z48iFh7pym5Vrsqvb9dMEKpRpcLFA==",
			"peer": true,
			"requires": {
				"tslib": "*"
			}
		},
		"@lomray/event-manager": {
			"version": "1.2.1",
			"resolved": "https://registry.npmjs.org/@lomray/event-manager/-/event-manager-1.2.1.tgz",
			"integrity": "sha512-lLgaOAzZarrhqOF3MZjJ5fq0X68xWHhIzAiajqjG/LCgYvb4nooD4lnMhdkIu5cg6PhViWe1O6cK4YrnEmP/tg==",
			"peer": true
		},
		"@lomray/microservices-client-api": {
			"version": "2.15.1",
			"resolved": "https://registry.npmjs.org/@lomray/microservices-client-api/-/microservices-client-api-2.15.1.tgz",
			"integrity": "sha512-iXcqZRKQAbF9OxXBNn3lk8NHgX81+ibxm8S9xMwDOtzc39Wxg2HLunpkOIQK+ulBrX8mPIcAyueSL+Xxh/M1CA==",
			"requires": {
				"jwt-decode": "^3.1.2",
				"tslib": "*"
			}
		},
		"@lomray/microservices-types": {
			"version": "1.12.1",
			"resolved": "https://registry.npmjs.org/@lomray/microservices-types/-/microservices-types-1.12.1.tgz",
			"integrity": "sha512-Eu/oNuNHW3KoULCpVJheQmzT2oiOSdeRmCD2yfvtVaMI9zK9ggqkFCclJwjHwU9xJ1Uy28scxGs54S56q3tPlw==",
			"peer": true
		},
		"@lomray/react-mobx-manager": {
			"version": "1.5.1",
			"resolved": "https://registry.npmjs.org/@lomray/react-mobx-manager/-/react-mobx-manager-1.5.1.tgz",
			"integrity": "sha512-et29+fBOdlNc6WGP8LX48Gciw9Kz443kP4kKeLyFz78T5genJXwswFtr3BkJTPhM+/IX64M3CPqG9rI9hf3neg==",
			"peer": true,
			"requires": {
				"@lomray/event-manager": "^1.2.1"
			}
		},
		"@types/lodash": {
			"version": "4.14.194",
			"resolved": "https://registry.npmjs.org/@types/lodash/-/lodash-4.14.194.tgz",
			"integrity": "sha512-r22s9tAS7imvBt2lyHC9B8AGwWnXaYb1tY09oyLkXDs4vArpYJzw09nj8MLx5VfciBPGIb+ZwG0ssYnEPJxn/g=="
		},
		"asynckit": {
			"version": "0.4.0",
			"resolved": "https://registry.npmjs.org/asynckit/-/asynckit-0.4.0.tgz",
			"integrity": "sha512-Oei9OH4tRh0YqU3GxhX79dM/mwVgvbZJaSNaRk+bshkj0S5cfHcgYakreBjrHwatXKbz+IoIdYLxrKim2MjW0Q=="
		},
		"axios": {
			"version": "1.4.0",
			"resolved": "https://registry.npmjs.org/axios/-/axios-1.4.0.tgz",
			"integrity": "sha512-S4XCWMEmzvo64T9GfvQDOXgYRDJ/wsSZc7Jvdgx5u1sd0JwsuPLqb3SYmusag+edF6ziyMensPVqLTSc1PiSEA==",
			"requires": {
				"follow-redirects": "^1.15.0",
				"form-data": "^4.0.0",
				"proxy-from-env": "^1.1.0"
			}
		},
		"combined-stream": {
			"version": "1.0.8",
			"resolved": "https://registry.npmjs.org/combined-stream/-/combined-stream-1.0.8.tgz",
			"integrity": "sha512-FQN4MRfuJeHf7cBbBMJFXhKSDq+2kAArBlmRBvcvFE5BB1HZKXtSFASDhdlz9zOYwxh8lDdnvmMOe/+5cdoEdg==",
			"requires": {
				"delayed-stream": "~1.0.0"
			}
		},
		"delayed-stream": {
			"version": "1.0.0",
			"resolved": "https://registry.npmjs.org/delayed-stream/-/delayed-stream-1.0.0.tgz",
			"integrity": "sha1-3zrhmayt+31ECqrgsp4icrJOxhk="
		},
		"follow-redirects": {
			"version": "1.15.0",
			"resolved": "https://registry.npmjs.org/follow-redirects/-/follow-redirects-1.15.0.tgz",
			"integrity": "sha512-aExlJShTV4qOUOL7yF1U5tvLCB0xQuudbf6toyYA0E/acBNw71mvjFTnLaRp50aQaYocMR0a/RMMBIHeZnGyjQ=="
		},
		"form-data": {
			"version": "4.0.0",
			"resolved": "https://registry.npmjs.org/form-data/-/form-data-4.0.0.tgz",
			"integrity": "sha512-ETEklSGi5t0QMZuiXoA/Q6vcnxcLQP5vdugSpuAyi6SVGi2clPPp+xgEhuMaHC+zGgn31Kd235W35f7Hykkaww==",
			"requires": {
				"asynckit": "^0.4.0",
				"combined-stream": "^1.0.8",
				"mime-types": "^2.1.12"
			}
		},
		"hoist-non-react-statics": {
			"version": "3.3.2",
			"resolved": "https://registry.npmjs.org/hoist-non-react-statics/-/hoist-non-react-statics-3.3.2.tgz",
			"integrity": "sha512-/gGivxi8JPKWNm/W0jSmzcMPpfpPLc3dY/6GxhX2hQ9iGj3aDfklV4ET7NjKpSinLpJ5vafa9iiGIEZg10SfBw==",
			"peer": true,
			"requires": {
				"react-is": "^16.7.0"
			}
		},
		"js-tokens": {
			"version": "4.0.0",
			"resolved": "https://registry.npmjs.org/js-tokens/-/js-tokens-4.0.0.tgz",
			"integrity": "sha512-RdJUflcE3cUzKiMqQgsCu06FPu9UdIJO0beYbPhHN4k6apgJtifcoCtT9bcxOpYBtpD2kCM6Sbzg4CausW/PKQ==",
			"peer": true
		},
		"json5": {
			"version": "2.2.3",
			"resolved": "https://registry.npmjs.org/json5/-/json5-2.2.3.tgz",
			"integrity": "sha512-XmOWe7eyHYH14cLdVPoyg+GOH3rYX++KpzrylJwSW98t3Nk+U8XOl8FWKOgwtzdb8lXGf6zYwDUzeHMWfxasyg==",
			"dev": true
		},
		"jwt-decode": {
			"version": "3.1.2",
			"resolved": "https://registry.npmjs.org/jwt-decode/-/jwt-decode-3.1.2.tgz",
			"integrity": "sha512-UfpWE/VZn0iP50d8cz9NrZLM9lSWhcJ+0Gt/nm4by88UL+J1SiKN8/5dkjMmbEzwL2CAe+67GsegCbIKtbp75A=="
		},
		"lodash": {
			"version": "4.17.21",
			"resolved": "https://registry.npmjs.org/lodash/-/lodash-4.17.21.tgz",
			"integrity": "sha512-v2kDEe57lecTulaDIuNTPy3Ry4gLGJ6Z1O3vE1krgXZNrsQ+LFTGHVxVjcXPs17LhbZVGedAJv8XZ1tvj5FvSg=="
		},
		"lodash-es": {
			"version": "4.17.21",
			"resolved": "https://registry.npmjs.org/lodash-es/-/lodash-es-4.17.21.tgz",
			"integrity": "sha512-mKnC+QJ9pWVzv+C4/U3rRsHapFfHvQFoFB92e52xeyGMcX6/OlIl78je1u8vePzYZSkkogMPJ2yjxxsb89cxyw==",
			"peer": true
		},
		"loose-envify": {
			"version": "1.4.0",
			"resolved": "https://registry.npmjs.org/loose-envify/-/loose-envify-1.4.0.tgz",
			"integrity": "sha512-lyuxPGr/Wfhrlem2CL/UcnUc1zcqKAImBDzukY7Y5F/yQiNdko6+fRLevlw1HgMySw7f611UIY408EtxRSoK3Q==",
			"peer": true,
			"requires": {
				"js-tokens": "^3.0.0 || ^4.0.0"
			}
		},
		"mime-db": {
			"version": "1.52.0",
			"resolved": "https://registry.npmjs.org/mime-db/-/mime-db-1.52.0.tgz",
			"integrity": "sha512-sPU4uV7dYlvtWJxwwxHD0PuihVNiE7TyAbQ5SWxDCB9mUYvOgroQOwYQQOKPJ8CIbE+1ETVlOoK1UC2nU3gYvg=="
		},
		"mime-types": {
			"version": "2.1.35",
			"resolved": "https://registry.npmjs.org/mime-types/-/mime-types-2.1.35.tgz",
			"integrity": "sha512-ZDY+bPm5zTTF+YpCrAU9nK0UgICYPT0QtT1NZWFv4s++TNkcgVaT0g6+4R2uI4MjQjzysHB1zxuWL50hzaeXiw==",
			"requires": {
				"mime-db": "1.52.0"
			}
		},
		"minimist": {
			"version": "1.2.7",
			"resolved": "https://registry.npmjs.org/minimist/-/minimist-1.2.7.tgz",
			"integrity": "sha512-bzfL1YUZsP41gmu/qjrEk0Q6i2ix/cVeAhbCbqH9u3zYutS1cLg00qhrD0M2MVdCcx4Sc0UpP2eBWo9rotpq6g==",
			"dev": true
		},
		"mobx": {
			"version": "6.7.0",
			"resolved": "https://registry.npmjs.org/mobx/-/mobx-6.7.0.tgz",
			"integrity": "sha512-1kBLBdSNG2bA522HQdbsTvwAwYf9hq9FWxmlhX7wTsJUAI54907J+ozfGW+LoYUo06vjit748g6QH1AAGLNebw==",
			"peer": true
		},
		"mobx-react-lite": {
			"version": "3.4.0",
			"resolved": "https://registry.npmjs.org/mobx-react-lite/-/mobx-react-lite-3.4.0.tgz",
			"integrity": "sha512-bRuZp3C0itgLKHu/VNxi66DN/XVkQG7xtoBVWxpvC5FhAqbOCP21+nPhULjnzEqd7xBMybp6KwytdUpZKEgpIQ==",
			"peer": true,
			"requires": {}
		},
		"nanoclone": {
			"version": "0.2.1",
			"resolved": "https://registry.npmjs.org/nanoclone/-/nanoclone-0.2.1.tgz",
			"integrity": "sha512-wynEP02LmIbLpcYw8uBKpcfF6dmg2vcpKqxeH5UcoKEYdExslsdUA4ugFauuaeYdTB76ez6gJW8XAZ6CgkXYxA==",
			"peer": true
		},
		"property-expr": {
			"version": "2.0.5",
			"resolved": "https://registry.npmjs.org/property-expr/-/property-expr-2.0.5.tgz",
			"integrity": "sha512-IJUkICM5dP5znhCckHSv30Q4b5/JA5enCtkRHYaOVOAocnH/1BQEYTC5NMfT3AVl/iXKdr3aqQbQn9DxyWknwA==",
			"peer": true
		},
		"proxy-from-env": {
			"version": "1.1.0",
			"resolved": "https://registry.npmjs.org/proxy-from-env/-/proxy-from-env-1.1.0.tgz",
			"integrity": "sha512-D+zkORCbA9f1tdWRK0RaCR3GPv50cMxcrz4X8k5LTSUD1Dkw47mKJEZQNunItRTkWwgtaUSo1RVFRIG9ZXiFYg=="
		},
		"react": {
			"version": "18.2.0",
			"resolved": "https://registry.npmjs.org/react/-/react-18.2.0.tgz",
			"integrity": "sha512-/3IjMdb2L9QbBdWiW5e3P2/npwMBaU9mHCSCUzNln0ZCYbcfTsGbTJrU/kGemdH2IWmB2ioZ+zkxtmq6g09fGQ==",
			"peer": true,
			"requires": {
				"loose-envify": "^1.1.0"
			}
		},
		"react-is": {
			"version": "16.13.1",
			"resolved": "https://registry.npmjs.org/react-is/-/react-is-16.13.1.tgz",
			"integrity": "sha512-24e6ynE2H+OKt4kqsOvNd8kBpV65zoxbA4BVsEOB3ARVWQki/DHzaUoC5KuON/BiccDaCCTZBuOcfZs70kR8bQ==",
			"peer": true
		},
		"regenerator-runtime": {
			"version": "0.13.11",
			"resolved": "https://registry.npmjs.org/regenerator-runtime/-/regenerator-runtime-0.13.11.tgz",
			"integrity": "sha512-kY1AZVr2Ra+t+piVaJ4gxaFaReZVH40AKNo7UCX6W+dEwBo/2oZJzqfuN1qLq1oL45o56cPaTXELwrTh8Fpggg==",
			"peer": true
		},
		"strip-bom": {
			"version": "3.0.0",
			"resolved": "https://registry.npmjs.org/strip-bom/-/strip-bom-3.0.0.tgz",
			"integrity": "sha512-vavAMRXOgBVNF6nyEEmL3DBK19iRpDcoIwW+swQ+CbGiu7lju6t+JklA1MHweoWtadgt4ISVUsXLyDq34ddcwA==",
			"dev": true
		},
		"toposort": {
			"version": "2.0.2",
			"resolved": "https://registry.npmjs.org/toposort/-/toposort-2.0.2.tgz",
			"integrity": "sha512-0a5EOkAUp8D4moMi2W8ZF8jcga7BgZd91O/yabJCFY8az+XSzeGyTKs0Aoo897iV1Nj6guFq8orWDS96z91oGg==",
			"peer": true
		},
		"tsconfig-paths": {
			"version": "4.2.0",
			"resolved": "https://registry.npmjs.org/tsconfig-paths/-/tsconfig-paths-4.2.0.tgz",
			"integrity": "sha512-NoZ4roiN7LnbKn9QqE1amc9DJfzvZXxF4xDavcOWt1BPkdx+m+0gJuPM+S0vCe7zTJMYUP0R8pO2XMr+Y8oLIg==",
			"dev": true,
			"requires": {
				"json5": "^2.2.2",
				"minimist": "^1.2.6",
				"strip-bom": "^3.0.0"
			}
		},
		"yup": {
			"version": "0.32.11",
			"resolved": "https://registry.npmjs.org/yup/-/yup-0.32.11.tgz",
			"integrity": "sha512-Z2Fe1bn+eLstG8DRR6FTavGD+MeAwyfmouhHsIUgaADz8jvFKbO/fXc2trJKZg+5EBjh4gGm3iU/t3onKlXHIg==",
			"peer": true,
			"requires": {
				"@babel/runtime": "^7.15.4",
				"@types/lodash": "^4.14.175",
				"lodash": "^4.17.21",
				"lodash-es": "^4.17.21",
				"nanoclone": "^0.2.1",
				"property-expr": "^2.0.4",
				"toposort": "^2.0.2"
			}
		}
	}
}
